
Microsoft Visual Studio Solution File, Format Version 12.00
# Visual Studio Version 17
VisualStudioVersion = 17.1.32210.238
MinimumVisualStudioVersion = 10.0.40219.1
Project("{2150E333-8FDC-42A3-9474-1A3956D46DE8}") = "src", "src", "{9D20FF68-A703-446C-923D-127575C5557D}"
EndProject
Project("{2150E333-8FDC-42A3-9474-1A3956D46DE8}") = "Core", "Core", "{C3555F5F-3270-427B-8FDA-EA84A7AE3775}"
EndProject
Project("{FAE04EC0-301F-11D3-BF4B-00C04F79EFBC}") = "Application", "src\Core\Application\Application.csproj", "{51A6A58C-D58E-4C13-9EE3-4572598B079D}"
EndProject
Project("{FAE04EC0-301F-11D3-BF4B-00C04F79EFBC}") = "Domain", "src\Core\Domain\Domain.csproj", "{F43AA28D-9CAD-4F1E-9982-ACAC8DCFE8F7}"
EndProject
Project("{2150E333-8FDC-42A3-9474-1A3956D46DE8}") = "Infrastructure", "Infrastructure", "{32EA325D-481D-45C9-B386-DD3915EE663B}"
EndProject
Project("{FAE04EC0-301F-11D3-BF4B-00C04F79EFBC}") = "Persistence", "src\Infrastructure\Persistence\Persistence.csproj", "{56DFFBA2-0C32-4D82-9232-107B09CB4047}"
EndProject
Project("{2150E333-8FDC-42A3-9474-1A3956D46DE8}") = "WebApi", "WebApi", "{402989CC-D24A-4DCA-AA2E-4D1B885F5545}"
EndProject
Project("{FAE04EC0-301F-11D3-BF4B-00C04F79EFBC}") = "Api", "src\WebApi\Api\Api.csproj", "{1BC934DC-66E2-41BA-8471-70CD099DCBAB}"
EndProject
Project("{2150E333-8FDC-42A3-9474-1A3956D46DE8}") = "Shared", "Shared", "{02998AAC-65BD-47F1-BB6D-3A709A761160}"
EndProject
Project("{FAE04EC0-301F-11D3-BF4B-00C04F79EFBC}") = "Common", "src\Shared\Common\Common.csproj", "{16842630-3EE2-4C99-ADA9-C18924A1D908}"
EndProject
Project("{2150E333-8FDC-42A3-9474-1A3956D46DE8}") = "Tests", "Tests", "{02DA558A-C160-471C-B53E-18980A068217}"
EndProject
Project("{FAE04EC0-301F-11D3-BF4B-00C04F79EFBC}") = "Api.Test", "Tests\Api.Test\Api.Test.csproj", "{A7509572-F1EB-4606-8ACB-5BC9F5F608FE}"
EndProject
Global
	GlobalSection(SolutionConfigurationPlatforms) = preSolution
		Debug|Any CPU = Debug|Any CPU
		Release|Any CPU = Release|Any CPU
	EndGlobalSection
	GlobalSection(ProjectConfigurationPlatforms) = postSolution
		{51A6A58C-D58E-4C13-9EE3-4572598B079D}.Debug|Any CPU.ActiveCfg = Debug|Any CPU
		{51A6A58C-D58E-4C13-9EE3-4572598B079D}.Debug|Any CPU.Build.0 = Debug|Any CPU
		{51A6A58C-D58E-4C13-9EE3-4572598B079D}.Release|Any CPU.ActiveCfg = Release|Any CPU
		{51A6A58C-D58E-4C13-9EE3-4572598B079D}.Release|Any CPU.Build.0 = Release|Any CPU
		{F43AA28D-9CAD-4F1E-9982-ACAC8DCFE8F7}.Debug|Any CPU.ActiveCfg = Debug|Any CPU
		{F43AA28D-9CAD-4F1E-9982-ACAC8DCFE8F7}.Debug|Any CPU.Build.0 = Debug|Any CPU
		{F43AA28D-9CAD-4F1E-9982-ACAC8DCFE8F7}.Release|Any CPU.ActiveCfg = Release|Any CPU
		{F43AA28D-9CAD-4F1E-9982-ACAC8DCFE8F7}.Release|Any CPU.Build.0 = Release|Any CPU
		{56DFFBA2-0C32-4D82-9232-107B09CB4047}.Debug|Any CPU.ActiveCfg = Debug|Any CPU
		{56DFFBA2-0C32-4D82-9232-107B09CB4047}.Debug|Any CPU.Build.0 = Debug|Any CPU
		{56DFFBA2-0C32-4D82-9232-107B09CB4047}.Release|Any CPU.ActiveCfg = Release|Any CPU
		{56DFFBA2-0C32-4D82-9232-107B09CB4047}.Release|Any CPU.Build.0 = Release|Any CPU
		{1BC934DC-66E2-41BA-8471-70CD099DCBAB}.Debug|Any CPU.ActiveCfg = Debug|Any CPU
		{1BC934DC-66E2-41BA-8471-70CD099DCBAB}.Debug|Any CPU.Build.0 = Debug|Any CPU
		{1BC934DC-66E2-41BA-8471-70CD099DCBAB}.Release|Any CPU.ActiveCfg = Release|Any CPU
		{1BC934DC-66E2-41BA-8471-70CD099DCBAB}.Release|Any CPU.Build.0 = Release|Any CPU
		{16842630-3EE2-4C99-ADA9-C18924A1D908}.Debug|Any CPU.ActiveCfg = Debug|Any CPU
		{16842630-3EE2-4C99-ADA9-C18924A1D908}.Debug|Any CPU.Build.0 = Debug|Any CPU
		{16842630-3EE2-4C99-ADA9-C18924A1D908}.Release|Any CPU.ActiveCfg = Release|Any CPU
		{16842630-3EE2-4C99-ADA9-C18924A1D908}.Release|Any CPU.Build.0 = Release|Any CPU
		{A7509572-F1EB-4606-8ACB-5BC9F5F608FE}.Debug|Any CPU.ActiveCfg = Debug|Any CPU
		{A7509572-F1EB-4606-8ACB-5BC9F5F608FE}.Debug|Any CPU.Build.0 = Debug|Any CPU
		{A7509572-F1EB-4606-8ACB-5BC9F5F608FE}.Release|Any CPU.ActiveCfg = Release|Any CPU
		{A7509572-F1EB-4606-8ACB-5BC9F5F608FE}.Release|Any CPU.Build.0 = Release|Any CPU
	EndGlobalSection
	GlobalSection(SolutionProperties) = preSolution
		HideSolutionNode = FALSE
	EndGlobalSection
	GlobalSection(NestedProjects) = preSolution
		{C3555F5F-3270-427B-8FDA-EA84A7AE3775} = {9D20FF68-A703-446C-923D-127575C5557D}
		{51A6A58C-D58E-4C13-9EE3-4572598B079D} = {C3555F5F-3270-427B-8FDA-EA84A7AE3775}
		{F43AA28D-9CAD-4F1E-9982-ACAC8DCFE8F7} = {C3555F5F-3270-427B-8FDA-EA84A7AE3775}
		{32EA325D-481D-45C9-B386-DD3915EE663B} = {9D20FF68-A703-446C-923D-127575C5557D}
		{56DFFBA2-0C32-4D82-9232-107B09CB4047} = {32EA325D-481D-45C9-B386-DD3915EE663B}
		{402989CC-D24A-4DCA-AA2E-4D1B885F5545} = {9D20FF68-A703-446C-923D-127575C5557D}
		{1BC934DC-66E2-41BA-8471-70CD099DCBAB} = {402989CC-D24A-4DCA-AA2E-4D1B885F5545}
		{02998AAC-65BD-47F1-BB6D-3A709A761160} = {9D20FF68-A703-446C-923D-127575C5557D}
		{16842630-3EE2-4C99-ADA9-C18924A1D908} = {02998AAC-65BD-47F1-BB6D-3A709A761160}
		{A7509572-F1EB-4606-8ACB-5BC9F5F608FE} = {02DA558A-C160-471C-B53E-18980A068217}
	EndGlobalSection
	GlobalSection(ExtensibilityGlobals) = postSolution
		SolutionGuid = {FA685699-241F-4CC8-B6B0-C7B502CAD20E}
	EndGlobalSection
EndGlobal
